# This file is @generated by PDM.
# It is not intended for manual editing.

[metadata]
groups = ["default", "dev"]
strategy = []
lock_version = "4.5.0"
content_hash = "sha256:17c69484b804fd3edf80eada2541185068cacb78f5ed0d4027db607e4b8031f7"

[[metadata.targets]]
requires_python = ">=3.11"

[[package]]
name = "build"
version = "1.5.0"
summary = ""
dependencies = [
    "colorama; os_name == \"nt\"",
    "packaging",
    "pyproject-hooks",
]
files = [
    {file = "build-1.5.0-py3-none-any.whl", hash = "sha256:13f3eecb844759ab66efec90ca17639bbf14dc06cb2fdf37a9010322d9c50a6f"},
    {file = "build-1.5.0.tar.gz", hash = "sha256:302c22c3ba2a0fd5f3911918651341ebb3896176cbdec15bd421f80b1afc7647"},
]

[[package]]
name = "colorama"
version = "0.4.6"
summary = ""
files = [
    {file = "colorama-0.4.6-py2.py3-none-any.whl", hash = "sha256:4f1d9991f5acc0ca119f9d443620b77f9d6b33703e51011c16baf57afb285fc6"},
    {file = "colorama-0.4.6.tar.gz", hash = "sha256:08695f5cb7ed6e0531a20572697297273c47b8cae5a63ffc6d6ed5c201be6e44"},
]

[[package]]
name = "et-xmlfile"
version = "2.0.0"
summary = ""
files = [
    {file = "et_xmlfile-2.0.0-py3-none-any.whl", hash = "sha256:7a91720bc756843502c3b7504c77b8fe44217c85c537d85037f0f536151b2caa"},
    {file = "et_xmlfile-2.0.0.tar.gz", hash = "sha256:dab3f4764309081ce75662649be815c4c9081e88f0837825f90fd28317d4da54"},
]

[[package]]
name = "hypothesis"
version = "6.163.0"
summary = ""
dependencies = [
    "sortedcontainers",
]
files = [
    {file = "hypothesis-6.163.0-cp310-abi3-macosx_10_12_x86_64.whl", hash = "sha256:331906cb029b6b360b8ebac3ec00c3cfa720037fe2efb294a503a1979c9a9a8f"},
    {file = "hypothesis-6.163.0-cp310-abi3-macosx_11_0_arm64.whl", hash = "sha256:b4ad2134405d5345434c22dea96bbc12c85abcfc3c253a8063dbc9ff01164555"},
    {file = "hypothesis-6.163.0-cp310-abi3-manylinux_2_17_aarch64.manylinux2014_aarch64.whl", hash = "sha256:50073f8e63c1e7d3403899755657a990d8bba7b5b5bff66b1c56796d4969bb28"},
    {file = "hypothesis-6.163.0-cp310-abi3-manylinux_2_17_armv7l.manylinux2014_armv7l.whl", hash = "sha256:8c5d1e6bad47edf6fb1d7406cf6d67314ac08325c63a49550d782a4596ea302b"},
    {file = "hypothesis-6.163.0-cp310-abi3-manylinux_2_17_x86_64.manylinux2014_x86_64.whl", hash = "sha256:c0ec3b709508ccd835d8ded1db025b7800618f2289a22a6bfd4927da5f4eb33c"},
    {file = "hypothesis-6.163.0-cp310-abi3-manylinux_2_31_riscv64.whl", hash = "sha256:7cb3d927360fe73f9a06d646e6082237142ee39c24679c7133d22bf06dd03b45"},
    {file = "hypothesis-6.163.0-cp310-abi3-manylinux_2_5_i686.manylinux1_i686.whl", hash = "sha256:3f3cceb4720a39127622fbf3bcebe1775b894372c53b5edddfdef10bbdeef9ec"},
    {file = "hypothesis-6.163.0-cp310-abi3-musllinux_1_2_aarch64.whl", hash = "sha256:59f5fdb8addb44c17520a60d50542d9db6ceba577bbf54efefa9c10ee20be140"},
    {file = "hypothesis-6.163.0-cp310-abi3-musllinux_1_2_armv7l.whl", hash = "sha256:f1fe222f50a1898e87a1e7323ab35f9e956278efabe4dd55a1342808206d05ad"},
    {file = "hypothesis-6.163.0-cp310-abi3-musllinux_1_2_riscv64.whl", hash = "sha256:56ed585baab75cb98462c57ca88bbdc6a9d935a14118dd572fb476c3ecec2a06"},
    {file = "hypothesis-6.163.0-cp310-abi3-musllinux_1_2_x86_64.whl", hash = "sha256:2849c23b2e0fe2eef4c1ec336b01eac7ad7397c49fca43c264f59ec1e6046eac"},
    {file = "hypothesis-6.163.0-cp310-abi3-win32.whl", hash = "sha256:b2ddcdaf6691101e06dc4a5add7b8c8fdf1e68daba599255a281f3f3550d3331"},
    {file = "hypothesis-6.163.0-cp310-abi3-win_amd64.whl", hash = "sha256:4ab0dadc09c537d4ac57e564039dfe7daf09c98375306d54bfc0fd6c218efcca"},
    {file = "hypothesis-6.163.0-cp311-cp311-macosx_10_12_x86_64.whl", hash = "sha256:213527755f0fc2b1f3721e73fd60023e2752a48f914e3e2df8d35111956ae5c8"},
    {file = "hypothesis-6.163.0-cp311-cp311-macosx_11_0_arm64.whl", hash = "sha256:ca1b48bde68c528a79dec2a2859e05035802e5b1c9c3579f388c9de6ed6d0148"},
    {file = "hypothesis-6.163.0-cp311-cp311-manylinux_2_17_aarch64.manylinux2014_aarch64.whl", hash = "sha256:7a3db868a943c814cc557104712d43bf609adfe5ea9f708f38377d366b4855f8"},
    {file = "hypothesis-6.163.0-cp311-cp311-manylinux_2_17_x86_64.manylinux2014_x86_64.whl", hash = "sha256:4159a1c2560e10de51b1c14956e277eb1b37526c9abef9e87c1e531760486448"},
    {file = "hypothesis-6.163.0-cp311-cp311-musllinux_1_2_aarch64.whl", hash = "sha256:ffdda3006a383a48f71a23b4f2b3fae3fe1b09af67925d885985f7ec34d66bcb"},
    {file = "hypothesis-6.163.0-cp311-cp311-musllinux_1_2_x86_64.whl", hash = "sha256:3b6cee2afe6c67b31a4a64b63a876e0b020befdc61daabea80f7a0e14f19203a"},
    {file = "hypothesis-6.163.0-cp311-cp311-win_amd64.whl", hash = "sha256:0a933aca9ebf9daf951d07cf01200c94c321b6ee0b42cc7b67675c9686d914c2"},
    {file = "hypothesis-6.163.0-cp312-cp312-macosx_10_12_x86_64.whl", hash = "sha256:a57352efa938889ea9992667a5014c0fc870d03945de71918574d1cf28276378"},
    {file = "hypothesis-6.163.0-cp312-cp312-macosx_11_0_arm64.whl", hash = "sha256:0a0c396244c13805edcb73ff467c4c8178ccefc41c4ef5ed00a68e612fd773e9"},
    {file = "hypothesis-6.163.0-cp312-cp312-manylinux_2_17_aarch64.manylinux2014_aarch64.whl", hash = "sha256:28a6cc1c25a6cc9b6ec079eaabd32ac769994831ecddd57123ce43c9056dcf34"},
    {file = "hypothesis-6.163.0-cp312-cp312-manylinux_2_17_x86_64.manylinux2014_x86_64.whl", hash = "sha256:bd312b15044b1c1a0920a5827a830559b2d1fa380851cedf509f8b835309c5b9"},
    {file = "hypothesis-6.163.0-cp312-cp312-musllinux_1_2_aarch64.whl", hash = "sha256:b839dfd1342bb50570cb0c66b80322307cdb468abf14faf5df4dab022bc1b9ce"},
    {file = "hypothesis-6.163.0-cp312-cp312-musllinux_1_2_x86_64.whl", hash = "sha256:c4f5be1482189c7b0a1dcac269fffe97a7d18cc04ac9a9a4d6613212dd87f38b"},
    {file = "hypothesis-6.163.0-cp312-cp312-win_amd64.whl", hash = "sha256:7ca7b20bf38d51e15f7808b0239791c4792b1709ce0c63093acaff56a09c31e6"},
    {file = "hypothesis-6.163.0-cp313-cp313-macosx_10_12_x86_64.whl", hash = "sha256:a16ebce774755a7a652bd44c62101dc914372ed1a98935969624848c9627b4a4"},
    {file = "hypothesis-6.163.0-cp313-cp313-macosx_11_0_arm64.whl", hash = "sha256:40dfab6fe6a02a80abef81aebf88e53cd529e3f2f6ba3486b674a67b1f4a3512"},
    {file = "hypothesis-6.163.0-cp313-cp313-manylinux_2_17_aarch64.manylinux2014_aarch64.whl", hash = "sha256:f28ad27193c1fbcfb52ef2ee63d2b721563525089e80962b4268b306dac45507"},
    {file = "hypothesis-6.163.0-cp313-cp313-manylinux_2_17_x86_64.manylinux2014_x86_64.whl", hash = "sha256:8aac96db8a6c7ee43aba2ee0d3c43893da1fb7c38ed54790c1be2b6d8fd87b96"},
    {file = "hypothesis-6.163.0-cp313-cp313-musllinux_1_2_aarch64.whl", hash = "sha256:9d23f0f3a14bb6e6f99c793d340196dba4af95ba25bfcab624d1794f540f5e27"},
    {file = "hypothesis-6.163.0-cp313-cp313-musllinux_1_2_x86_64.whl", hash = "sha256:b123b4995a7612f1130e2b2362c9a5d0568df887bf7e7bdb45c23af8cd5423c9"},
    {file = "hypothesis-6.163.0-cp313-cp313-win_amd64.whl", hash = "sha256:b268211e625cd550e361fc387bf1db5deb1e9cae0ce4041116f0a0aafeef7c06"},
    {file = "hypothesis-6.163.0-cp314-cp314-macosx_10_12_x86_64.whl", hash = "sha256:9105c66ea8dbc108adc42058bb7b65bd953f53ee178bf63bf9ebb0cded6c8c96"},
    {file = "hypothesis-6.163.0-cp314-cp314-macosx_11_0_arm64.whl", hash = "sha256:e165f6cc2075059b7c95dac1612bfb25494f72d90f56880e84c288b089f8a896"},
    {file = "hypothesis-6.163.0-cp314-cp314-manylinux_2_17_aarch64.manylinux2014_aarch64.whl", hash = "sha256:0cba5202f74e7e4cdb676d86f26e8cc1b4fdc88f7f58ba73c8ac45b6b22f3070"},
    {file = "hypothesis-6.163.0-cp314-cp314-manylinux_2_17_x86_64.manylinux2014_x86_64.whl", hash = "sha256:f7f706df6839dcc53f20833f2933cbcd126fd2fdee7c312e053de49df4b64e44"},
    {file = "hypothesis-6.163.0-cp314-cp314-musllinux_1_2_aarch64.whl", hash = "sha256:487ab8ec2f01a225d6a1e2ceadc5290cde2c691952bd2e7f76199cf82e06fb25"},
    {file = "hypothesis-6.163.0-cp314-cp314-musllinux_1_2_x86_64.whl", hash = "sha256:6ae63dec6d1d467b7f4737455f81a7a82f14a41c14510937fcfbc726a085b5f8"},
    {file = "hypothesis-6.163.0-cp314-cp314-pyemscripten_2026_0_wasm32.whl", hash = "sha256:31dc46c48aa53c3ec92d03120978ca7f19b9cf96d195ed3fc93503f1433c94a6"},
    {file = "hypothesis-6.163.0-cp314-cp314-win_amd64.whl", hash = "sha256:320b076bf6436f971f1c73ee651e60001226d1b4e341f2c4a1ca87248261ca03"},
    {file = "hypothesis-6.163.0-cp314-cp314t-macosx_10_12_x86_64.whl", hash = "sha256:ab34c61d9249f1a8129cb4276062c04e3e47b5be8de6446e7c7fe11362d6fe43"},
    {file = "hypothesis-6.163.0-cp314-cp314t-macosx_11_0_arm64.whl", hash = "sha256:f2f1b67a48da86d3e41c9445367b49a49f7efdb60fc8b5e3593f05e6afb2efbe"},
    {file = "hypothesis-6.163.0-cp314-cp314t-manylinux_2_17_aarch64.manylinux2014_aarch64.whl", hash = "sha256:9c084749c115ea7918cf7efa144682783da17eec70d1276689182b871126e715"},
    {file = "hypothesis-6.163.0-cp314-cp314t-manylinux_2_17_x86_64.manylinux2014_x86_64.whl", hash = "sha256:21e72e8d5818e5ef8cd6a2191c386e3fd1a6d9e3739cf97289b4d9b5dbc8e38d"},
    {file = "hypothesis-6.163.0-cp314-cp314t-musllinux_1_2_aarch64.whl", hash = "sha256:5a3ac6c62d49f7fe518dfe7fa924fa03aac839993702207802b0e45f9e1b0dab"},
    {file = "hypothesis-6.163.0-cp314-cp314t-musllinux_1_2_x86_64.whl", hash = "sha256:e568a3d766b7ba8df00e0c33efc4c6530cde14fbc72daabe4824eed211ed7596"},
    {file = "hypothesis-6.163.0-cp314-cp314t-win_amd64.whl", hash = "sha256:b8f22fb8218ba6a452bf9000fc656e1ed57625d17cc8a3871a0fcea3b1b69ebf"},
    {file = "hypothesis-6.163.0-pp311-pypy311_pp73-macosx_10_12_x86_64.whl", hash = "sha256:002a9709345892279fb0e81b5a05b72d08cfe81f937339827be0d588607ca9b0"},
    {file = "hypothesis-6.163.0-pp311-pypy311_pp73-macosx_11_0_arm64.whl", hash = "sha256:52f16840add2eb02c2416f3b83cec4f527b6c19699f2d31eff4859233c715526"},
    {file = "hypothesis-6.163.0-pp311-pypy311_pp73-manylinux_2_17_aarch64.manylinux2014_aarch64.whl", hash = "sha256:34fc895691a2420595506eb17f3a104f2fa9039f013c0770a6cc2743ccaf6fed"},
    {file = "hypothesis-6.163.0-pp311-pypy311_pp73-manylinux_2_17_x86_64.manylinux2014_x86_64.whl", hash = "sha256:7ef8954e37c80e0c46e6161eef1c72c71059b95250e620a77bd646f6c7a52a2d"},
    {file = "hypothesis-6.163.0-pp311-pypy311_pp73-win_amd64.whl", hash = "sha256:d0838a28e9943d5b834ebae59b02adda76e2cd1e65caa808104c72102052057d"},
    {file = "hypothesis-6.163.0.tar.gz", hash = "sha256:520480d4bd3a17557616c25923640953e360332c89d012fffcebd69857e674a9"},
]

[[package]]
name = "iniconfig"
version = "2.3.0"
summary = ""
files = [
    {file = "iniconfig-2.3.0-py3-none-any.whl", hash = "sha256:f631c04d2c48c52b84d0d0549c99ff3859c98df65b3101406327ecc7d53fbf12"},
    {file = "iniconfig-2.3.0.tar.gz", hash = "sha256:c76315c77db068650d49c5b56314774a7804df16fee4402c1f19d6d15d8c4730"},
]

[[package]]
name = "maturin"
version = "1.14.1"
summary = ""
files = [
    {file = "maturin-1.14.1-py3-none-linux_armv6l.whl", hash = "sha256:522292398945442cdafa9daeb2271b2340fbde57027b818f923f88eab04174f8"},
    {file = "maturin-1.14.1-py3-none-macosx_10_12_x86_64.macosx_11_0_arm64.macosx_10_12_universal2.whl", hash = "sha256:ffe5ad71f21d1e6603c4dd75f7fee34adf5ed5ebcebb692886549888ebb329ed"},
    {file = "maturin-1.14.1-py3-none-macosx_10_12_x86_64.whl", hash = "sha256:f3306078070c1508fd715b9116070cbcaff5959024272a9f1e6f5cb29768b86c"},
    {file = "maturin-1.14.1-py3-none-manylinux_2_12_i686.manylinux2010_i686.musllinux_1_1_i686.whl", hash = "sha256:cd457cd88961156e26379e1155bd287cc0ec1c8b2f1582b0660fb31b87c8842d"},
    {file = "maturin-1.14.1-py3-none-manylinux_2_12_x86_64.manylinux2010_x86_64.musllinux_1_1_x86_64.whl", hash = "sha256:dfc54ae32e6fcb18302193ab9a30b0b25eefffba994ae13238974805533ef75e"},
    {file = "maturin-1.14.1-py3-none-manylinux_2_17_aarch64.manylinux2014_aarch64.musllinux_1_1_aarch64.whl", hash = "sha256:a131d912b5267e640bc96d70f4914e10590aed64082ec9abacba7cea52004224"},
    {file = "maturin-1.14.1-py3-none-manylinux_2_17_armv7l.manylinux2014_armv7l.musllinux_1_1_armv7l.whl", hash = "sha256:be18fc568fb76884c0205456336892a75105ec398e6b667cd777c6268bd06d69"},
    {file = "maturin-1.14.1-py3-none-manylinux_2_17_ppc64le.manylinux2014_ppc64le.musllinux_1_1_ppc64le.whl", hash = "sha256:994a0c8ba3ad8a92b3a9ee1b02645d200d610216b15cff5102b0fe65e8e08666"},
    {file = "maturin-1.14.1-py3-none-manylinux_2_17_s390x.manylinux2014_s390x.whl", hash = "sha256:be80866363e605d137991b491a741a84cde9ae350183c4c85f49690ca9aaaa65"},
    {file = "maturin-1.14.1-py3-none-manylinux_2_31_riscv64.musllinux_1_1_riscv64.whl", hash = "sha256:5282dffd4b539d2be245f4e5b1a5ab6bc1033b58f4a4872f5833f9d43c954aa4"},
    {file = "maturin-1.14.1-py3-none-win32.whl", hash = "sha256:1a04de0a20188f95c721b5702eed18140bdcccb28c386797093eca3f62f4d4e0"},
    {file = "maturin-1.14.1-py3-none-win_amd64.whl", hash = "sha256:3c9f94640ecc4895e94abaf834a0684430032c865b2748a36c12461fd9252fdd"},
    {file = "maturin-1.14.1-py3-none-win_arm64.whl", hash = "sha256:15cea8fcb3ba47dd636f50092bb34baea8b04ac777392f23e6bf8a9a61efb894"},
    {file = "maturin-1.14.1.tar.gz", hash = "sha256:9d6577a62cd08e0ceba7a0db06fb098e0c9b1b3429bad747a4f3a18215a1b3df"},
]

[[package]]
name = "nodeenv"
version = "1.10.0"
summary = ""
files = [
    {file = "nodeenv-1.10.0-py2.py3-none-any.whl", hash = "sha256:5bb13e3eed2923615535339b3c620e76779af4cb4c6a90deccc9e36b274d3827"},
    {file = "nodeenv-1.10.0.tar.gz", hash = "sha256:996c191ad80897d076bdfba80a41994c2b47c68e224c542b48feba42ba00f8bb"},
]

[[package]]
name = "openpyxl"
version = "3.1.5"
summary = ""
dependencies = [
    "et-xmlfile",
]
files = [
    {file = "openpyxl-3.1.5-py2.py3-none-any.whl", hash = "sha256:5282c12b107bffeef825f4617dc029afaf41d0ea60823bbb665ef3079dc79de2"},
    {file = "openpyxl-3.1.5.tar.gz", hash = "sha256:cf0e3cf56142039133628b5acffe8ef0c12bc902d2aadd3e0fe5878dc08d1050"},
]

[[package]]
name = "packaging"
version = "26.2"
summary = ""
files = [
    {file = "packaging-26.2-py3-none-any.whl", hash = "sha256:5fc45236b9446107ff2415ce77c807cee2862cb6fac22b8a73826d0693b0980e"},
    {file = "packaging-26.2.tar.gz", hash = "sha256:ff452ff5a3e828ce110190feff1178bb1f2ea2281fa2075aadb987c2fb221661"},
]

[[package]]
name = "pluggy"
version = "1.6.0"
summary = ""
files = [
    {file = "pluggy-1.6.0-py3-none-any.whl", hash = "sha256:e920276dd6813095e9377c0bc5566d94c932c33b27a3e3945d8389c374dd4746"},
    {file = "pluggy-1.6.0.tar.gz", hash = "sha256:7dcc130b76258d33b90f61b658791dede3486c3e6bfb003ee5c9bfb396dd22f3"},
]

[[package]]
name = "polars"
version = "1.43.1"
summary = ""
dependencies = [
    "polars-runtime-32",
]
files = [
    {file = "polars-1.43.1-py3-none-any.whl", hash = "sha256:f6ecd9184956f46442ddfcf6185423401475bbeffea59e238de8b9ecedacf16c"},
    {file = "polars-1.43.1.tar.gz", hash = "sha256:cb07ff3ad61c7b28043e6176e5fdb04a294346920b7f033deeb84116b4911883"},
]

[[package]]
name = "polars-runtime-32"
version = "1.43.1"
summary = ""
files = [
    {file = "polars_runtime_32-1.43.1-cp310-abi3-macosx_10_12_x86_64.whl", hash = "sha256:ddc7bca81e3616b74eba597bff09acbe3567e5b66798cc5305adc2e91a36e31e"},
    {file = "polars_runtime_32-1.43.1-cp310-abi3-macosx_11_0_arm64.whl", hash = "sha256:3bdaeb8b017be11d7d2f8a938ae98cb4135f90de451771c2bac4d21dca2f7cf4"},
    {file = "polars_runtime_32-1.43.1-cp310-abi3-manylinux_2_17_aarch64.manylinux2014_aarch64.whl", hash = "sha256:def1c19a339903ab39f1d134a69a9e8b02feb4f800f547809fbfed458ccb135e"},
    {file = "polars_runtime_32-1.43.1-cp310-abi3-manylinux_2_17_x86_64.manylinux2014_x86_64.whl", hash = "sha256:4f323e5c4aa0f068c2c911bd01f1ecdc25c1f3a501879b29550a41ab95490965"},
    {file = "polars_runtime_32-1.43.1-cp310-abi3-musllinux_1_2_aarch64.whl", hash = "sha256:b93d4bf59dcb0bac68ab2458890f1e8431d17369e59efc88625f0d92b22cad92"},
    {file = "polars_runtime_32-1.43.1-cp310-abi3-musllinux_1_2_x86_64.whl", hash = "sha256:977b4620d837f3ca0d131f858ac1bd72e2ae10a5e85a6cc27fddc71fbdb5005d"},
    {file = "polars_runtime_32-1.43.1-cp310-abi3-win_amd64.whl", hash = "sha256:fa557938e9113c12d59c56df8d7f7e1a411cc1954df0dafbb05900136c6329e7"},
    {file = "polars_runtime_32-1.43.1-cp310-abi3-win_arm64.whl", hash = "sha256:cc186bad9f33b71f66ee6cc3ba2146d64315a120b0e988814d6fb1a37f0cc9e9"},
    {file = "polars_runtime_32-1.43.1.tar.gz", hash = "sha256:2931c71fce2080ade2fc743207b3d70ea659f694e0273b6bacfe551ad6ce43e0"},
]

[[package]]
name = "pygments"
version = "2.20.0"
summary = ""
files = [
    {file = "pygments-2.20.0-py3-none-any.whl", hash = "sha256:81a9e26dd42fd28a23a2d169d86d7ac03b46e2f8b59ed4698fb4785f946d0176"},
    {file = "pygments-2.20.0.tar.gz", hash = "sha256:6757cd03768053ff99f3039c1a36d6c0aa0b263438fcab17520b30a303a82b5f"},
]

[[package]]
name = "pyproject-hooks"
version = "1.2.0"
summary = ""
files = [
    {file = "pyproject_hooks-1.2.0-py3-none-any.whl", hash = "sha256:9e5c6bfa8dcc30091c74b0cf803c81fdd29d94f01992a7707bc97babb1141913"},
    {file = "pyproject_hooks-1.2.0.tar.gz", hash = "sha256:1e859bd5c40fae9448642dd871adf459e5e2084186e8d2c2a79a824c970da1f8"},
]

[[package]]
name = "pyright"
version = "1.1.411"
summary = ""
dependencies = [
    "nodeenv",
    "typing-extensions",
]
files = [
    {file = "pyright-1.1.411-py3-none-any.whl", hash = "sha256:dc7c72a8e2700c55baa127554040e067041ea53ccfd50bf96308cc4291c7d5d9"},
    {file = "pyright-1.1.411.tar.gz", hash = "sha256:d885a0551f2e763b089a02702174e7f4ba77548cddabc972ab86d1f7f1b0f998"},
]

[[package]]
name = "pytest"
version = "9.1.1"
summary = ""
dependencies = [
    "colorama; sys_platform == \"win32\"",
    "iniconfig",
    "packaging",
    "pluggy",
    "pygments",
]
files = [
    {file = "pytest-9.1.1-py3-none-any.whl", hash = "sha256:37a86b45efb9a47a61a36449063e8e18d0cab3161329fc099eb21783169c4f0c"},
    {file = "pytest-9.1.1.tar.gz", hash = "sha256:1088fbde8f2b49d95a549a195707afa7a76a3ce9bcadc26b6d71f0ffda5fe313"},
]

[[package]]
name = "ruff"
version = "0.16.0"
summary = ""
files = [
    {file = "ruff-0.16.0-py3-none-linux_armv6l.whl", hash = "sha256:e5115729eb08c585e5121978ba5d5b60caeae394ce21b9fb5e6cd33a1c6c9b1e"},
    {file = "ruff-0.16.0-py3-none-macosx_10_12_x86_64.whl", hash = "sha256:3c954b1d580bfa035b41654f7858cc7e71d5fc3ac5b723dd62bd9133830ed522"},
    {file = "ruff-0.16.0-py3-none-macosx_11_0_arm64.whl", hash = "sha256:e01c21d10eb1b29f47b7454e1f4056db9a3f0260c646aa88457c610291db9f81"},
    {file = "ruff-0.16.0-py3-none-manylinux_2_17_aarch64.manylinux2014_aarch64.whl", hash = "sha256:6e364e5ed22ed8dc05082fd78e35308618260907ac2d3c1d637b2e682415b6c9"},
    {file = "ruff-0.16.0-py3-none-manylinux_2_17_armv7l.manylinux2014_armv7l.whl", hash = "sha256:d327b8fc113a1d4421a04f3839d3752057c8dd1ee320223a6f3f52d04ada462a"},
    {file = "ruff-0.16.0-py3-none-manylinux_2_17_i686.manylinux2014_i686.whl", hash = "sha256:a9b50c55e263103586b3dcf5f73d479eb8cb5fdb6098fec59a62891dab653717"},
    {file = "ruff-0.16.0-py3-none-manylinux_2_17_ppc64le.manylinux2014_ppc64le.whl", hash = "sha256:0ff4a79ce3ec0172f3241943835de1c4cb4e2dcd07f0f8c2d02603dbbbee4b17"},
    {file = "ruff-0.16.0-py3-none-manylinux_2_17_s390x.manylinux2014_s390x.whl", hash = "sha256:e95c448fca1fb2a18372a9440926c5a6ee789639bb975c72e7ae6d0b04218ab4"},
    {file = "ruff-0.16.0-py3-none-manylinux_2_17_x86_64.manylinux2014_x86_64.whl", hash = "sha256:4f11a8d11010301d0a398a2fdef67691feca7294da6aef55e2150e8fa2cd520b"},
    {file = "ruff-0.16.0-py3-none-manylinux_2_31_riscv64.whl", hash = "sha256:48044c678e9cb8698246c99b14aaccfa6601dea7379eb48a6f8f73f7a6d86cd0"},
    {file = "ruff-0.16.0-py3-none-musllinux_1_2_aarch64.whl", hash = "sha256:7aa0959bad8eb8bef50340154fc9b58678dae31fa4293afa38b44b6e552c0213"},
    {file = "ruff-0.16.0-py3-none-musllinux_1_2_armv7l.whl", hash = "sha256:28ea2b7df8ebf7f9da6b7d47b230ab48f387c0a29be3b474c4d0740e197bb9af"},
    {file = "ruff-0.16.0-py3-none-musllinux_1_2_i686.whl", hash = "sha256:33a3dfac8c35f81498dea9181bccc2f4c4bc8f1521a1dd9406e77643e0f0fb09"},
    {file = "ruff-0.16.0-py3-none-musllinux_1_2_x86_64.whl", hash = "sha256:a5237a0bda500d30d81b8e07a6973a5cbc772864cbf746ae2f4e8a2e01c9f4ed"},
    {file = "ruff-0.16.0-py3-none-win32.whl", hash = "sha256:7fab76fa065c873f41ff744347c6e77bcc3dfec4bcc754dc26b63d23c0f7f5fb"},
    {file = "ruff-0.16.0-py3-none-win_amd64.whl", hash = "sha256:429c117f022bf481fabd9d551e7a3952b24c65e6ef44337ea09d90bebef14472"},
    {file = "ruff-0.16.0-py3-none-win_arm64.whl", hash = "sha256:14296fedcd2705c77ab8235439278bbb38f285cf7da5528b00b3e330c3d4872d"},
    {file = "ruff-0.16.0.tar.gz", hash = "sha256:e460aafd5495ec89efaa6ced2e4a9a581116451e1c88b9d37ef497e0f8e93982"},
]

[[package]]
name = "sortedcontainers"
version = "2.4.0"
summary = ""
files = [
    {file = "sortedcontainers-2.4.0-py2.py3-none-any.whl", hash = "sha256:a163dcaede0f1c021485e957a39245190e74249897e2ae4b2aa38595db237ee0"},
    {file = "sortedcontainers-2.4.0.tar.gz", hash = "sha256:25caa5a06cc30b6b83d11423433f65d1f9d76c4c6a0c90e3379eaa43b9bfdb88"},
]

[[package]]
name = "typing-extensions"
version = "4.16.0"
summary = ""
files = [
    {file = "typing_extensions-4.16.0-py3-none-any.whl", hash = "sha256:481caa481374e813c1b176ada14e97f1f67a4539ce9cfeb3f350d78d6370c2e8"},
    {file = "typing_extensions-4.16.0.tar.gz", hash = "sha256:dc983d19a509c94dba722ee6abd33940f7c05a89e243c47e907eb4db6f1a43e5"},
]

[[package]]
name = "uv"
version = "0.11.32"
summary = ""
files = [
    {file = "uv-0.11.32-py3-none-linux_armv6l.whl", hash = "sha256:26d61d1b640d2dcfd7c3b64e75ada14c8eb477accba57f414c1a3759d6ab2253"},
    {file = "uv-0.11.32-py3-none-macosx_10_12_x86_64.whl", hash = "sha256:c82954b1bd507e767b1d996c2865ea3eb7d464a479ec0e4d60f0b8e2e07dee45"},
    {file = "uv-0.11.32-py3-none-macosx_11_0_arm64.whl", hash = "sha256:2a56d1abf16337350e878b2c869b256b8448ecc4a722b98f8d41e1b3680a587b"},
    {file = "uv-0.11.32-py3-none-manylinux_2_17_aarch64.manylinux2014_aarch64.musllinux_1_1_aarch64.whl", hash = "sha256:125c142363d0842c8506a057da56bae182e2aa3957344f57dd9ef20ea10f06b0"},
    {file = "uv-0.11.32-py3-none-manylinux_2_17_armv7l.manylinux2014_armv7l.musllinux_1_1_armv7l.whl", hash = "sha256:96625d832fe5b94ed0a029764cef0879ff47e3a525aec5c99d360a959e2f4aea"},
    {file = "uv-0.11.32-py3-none-manylinux_2_17_armv7l.manylinux2014_armv7l.whl", hash = "sha256:07ffc8322ce88b29dc0a905c102ea7d32c9021ee0353b641674e350c65fa930a"},
    {file = "uv-0.11.32-py3-none-manylinux_2_17_i686.manylinux2014_i686.whl", hash = "sha256:8e36fe8ff79ab7d13e9ad45d24bb9a52c1024caa6897cf62933bb3f760643d13"},
    {file = "uv-0.11.32-py3-none-manylinux_2_17_ppc64le.manylinux2014_ppc64le.whl", hash = "sha256:19fb9f2dba53851c0ee6e7e5582bd355fcaa9b1387b5d688f5bb9efc543dc605"},
    {file = "uv-0.11.32-py3-none-manylinux_2_17_s390x.manylinux2014_s390x.whl", hash = "sha256:f6f030a91a94655af11e41dafe1b41e1a90e1f2641bf13ff7ed7d4f5fb4f031d"},
    {file = "uv-0.11.32-py3-none-manylinux_2_17_x86_64.manylinux2014_x86_64.whl", hash = "sha256:3da76cd4e2697de30928b8a8524bd39183ac1e08cb7e72833807c022b7cba6c4"},
    {file = "uv-0.11.32-py3-none-manylinux_2_28_aarch64.whl", hash = "sha256:be0799f1ad70c755d10de5aaf46af94199d4f16a992f90278f2662350cd3f4fe"},
    {file = "uv-0.11.32-py3-none-manylinux_2_31_riscv64.musllinux_1_1_riscv64.whl", hash = "sha256:f35b3b8b65ba4579f8b23645a19394f7e5f90b20b07376ecff18b3bb656a81ae"},
    {file = "uv-0.11.32-py3-none-manylinux_2_31_riscv64.whl", hash = "sha256:cd085addb35f074561d2c5659a088f5f10361502bd3ad4c8f5105f5a4b9d2817"},
    {file = "uv-0.11.32-py3-none-musllinux_1_1_i686.whl", hash = "sha256:43360834111ae917808a70b36f4fb0e53de8e0be422e4cd4445876ffae8decc2"},
    {file = "uv-0.11.32-py3-none-musllinux_1_1_x86_64.whl", hash = "sha256:77f4356548ee8dc47efae154efd4e930c65570e7d4971c57bdef592f6eefb39c"},
    {file = "uv-0.11.32-py3-none-win32.whl", hash = "sha256:bb1ae8189e315499a77f3cc27cac5985ab1d8cb79baa82e368b6c1e574a7d9cf"},
    {file = "uv-0.11.32-py3-none-win_amd64.whl", hash = "sha256:855632ee1d2a8491986efa54c562b806cd32477761889a1e13624b519d98a45e"},
    {file = "uv-0.11.32-py3-none-win_arm64.whl", hash = "sha256:bf988bf510772785eac1edfc7cdedca074e8936b45e755b58f7f3e1e9ca86424"},
    {file = "uv-0.11.32.tar.gz", hash = "sha256:5359a7b0de78ba99b2519d33c173e004c39111c4baebe1b7c3d111a2de2011e1"},
]
